
Microsoft Visual Studio Solution File, Format Version 12.00
# Visual Studio 15
Project("{FAE04EC0-301F-11D3-BF4B-00C04F79EFBC}") = "notas.Android", "notas.Android\notas.Android.csproj", "{4F512E37-5956-4EDA-9CE9-6ED0D2F344E3}"
EndProject
Project("{FAE04EC0-301F-11D3-BF4B-00C04F79EFBC}") = "notas.iOS", "notas.iOS\notas.iOS.csproj", "{E09AFED1-EC5B-4ED5-A2FF-14372A0FACF0}"
EndProject
Project("{FAE04EC0-301F-11D3-BF4B-00C04F79EFBC}") = "notas.UITests", "notas.UITests\notas.UITests.csproj", "{B19C892E-2628-4CA7-AD27-08D406A3B14B}"
EndProject
Project("{FAE04EC0-301F-11D3-BF4B-00C04F79EFBC}") = "notas", "notas\notas.csproj", "{AE114935-C115-4471-8A22-2E5E0267799E}"
EndProject
Global
	GlobalSection(SolutionConfigurationPlatforms) = preSolution
		Debug|Any CPU = Debug|Any CPU
		Release|Any CPU = Release|Any CPU
		Debug|iPhoneSimulator = Debug|iPhoneSimulator
		Release|iPhoneSimulator = Release|iPhoneSimulator
		Debug|iPhone = Debug|iPhone
		Release|iPhone = Release|iPhone
		Ad-Hoc|iPhone = Ad-Hoc|iPhone
		AppStore|iPhone = AppStore|iPhone
	EndGlobalSection
	GlobalSection(ProjectConfigurationPlatforms) = postSolution
		{4F512E37-5956-4EDA-9CE9-6ED0D2F344E3}.Debug|Any CPU.ActiveCfg = Debug|Any CPU
		{4F512E37-5956-4EDA-9CE9-6ED0D2F344E3}.Debug|Any CPU.Build.0 = Debug|Any CPU
		{4F512E37-5956-4EDA-9CE9-6ED0D2F344E3}.Release|Any CPU.ActiveCfg = Release|Any CPU
		{4F512E37-5956-4EDA-9CE9-6ED0D2F344E3}.Release|Any CPU.Build.0 = Release|Any CPU
		{4F512E37-5956-4EDA-9CE9-6ED0D2F344E3}.Debug|iPhoneSimulator.ActiveCfg = Debug|Any CPU
		{4F512E37-5956-4EDA-9CE9-6ED0D2F344E3}.Debug|iPhoneSimulator.Build.0 = Debug|Any CPU
		{4F512E37-5956-4EDA-9CE9-6ED0D2F344E3}.Release|iPhoneSimulator.ActiveCfg = Release|Any CPU
		{4F512E37-5956-4EDA-9CE9-6ED0D2F344E3}.Release|iPhoneSimulator.Build.0 = Release|Any CPU
		{4F512E37-5956-4EDA-9CE9-6ED0D2F344E3}.Debug|iPhone.ActiveCfg = Debug|Any CPU
		{4F512E37-5956-4EDA-9CE9-6ED0D2F344E3}.Debug|iPhone.Build.0 = Debug|Any CPU
		{4F512E37-5956-4EDA-9CE9-6ED0D2F344E3}.Release|iPhone.ActiveCfg = Release|Any CPU
		{4F512E37-5956-4EDA-9CE9-6ED0D2F344E3}.Release|iPhone.Build.0 = Release|Any CPU
		{4F512E37-5956-4EDA-9CE9-6ED0D2F344E3}.Ad-Hoc|iPhone.ActiveCfg = Debug|Any CPU
		{4F512E37-5956-4EDA-9CE9-6ED0D2F344E3}.Ad-Hoc|iPhone.Build.0 = Debug|Any CPU
		{4F512E37-5956-4EDA-9CE9-6ED0D2F344E3}.AppStore|iPhone.ActiveCfg = Debug|Any CPU
		{4F512E37-5956-4EDA-9CE9-6ED0D2F344E3}.AppStore|iPhone.Build.0 = Debug|Any CPU
		{E09AFED1-EC5B-4ED5-A2FF-14372A0FACF0}.Debug|Any CPU.ActiveCfg = Debug|iPhoneSimulator
		{E09AFED1-EC5B-4ED5-A2FF-14372A0FACF0}.Debug|Any CPU.Build.0 = Debug|iPhoneSimulator
		{E09AFED1-EC5B-4ED5-A2FF-14372A0FACF0}.Release|Any CPU.ActiveCfg = Release|iPhoneSimulator
		{E09AFED1-EC5B-4ED5-A2FF-14372A0FACF0}.Release|Any CPU.Build.0 = Release|iPhoneSimulator
		{E09AFED1-EC5B-4ED5-A2FF-14372A0FACF0}.Debug|iPhoneSimulator.ActiveCfg = Debug|iPhoneSimulator
		{E09AFED1-EC5B-4ED5-A2FF-14372A0FACF0}.Debug|iPhoneSimulator.Build.0 = Debug|iPhoneSimulator
		{E09AFED1-EC5B-4ED5-A2FF-14372A0FACF0}.Release|iPhoneSimulator.ActiveCfg = Release|iPhoneSimulator
		{E09AFED1-EC5B-4ED5-A2FF-14372A0FACF0}.Release|iPhoneSimulator.Build.0 = Release|iPhoneSimulator
		{E09AFED1-EC5B-4ED5-A2FF-14372A0FACF0}.Debug|iPhone.ActiveCfg = Debug|iPhone
		{E09AFED1-EC5B-4ED5-A2FF-14372A0FACF0}.Debug|iPhone.Build.0 = Debug|iPhone
		{E09AFED1-EC5B-4ED5-A2FF-14372A0FACF0}.Release|iPhone.ActiveCfg = Release|iPhone
		{E09AFED1-EC5B-4ED5-A2FF-14372A0FACF0}.Release|iPhone.Build.0 = Release|iPhone
		{E09AFED1-EC5B-4ED5-A2FF-14372A0FACF0}.Ad-Hoc|iPhone.ActiveCfg = Ad-Hoc|iPhone
		{E09AFED1-EC5B-4ED5-A2FF-14372A0FACF0}.Ad-Hoc|iPhone.Build.0 = Ad-Hoc|iPhone
		{E09AFED1-EC5B-4ED5-A2FF-14372A0FACF0}.AppStore|iPhone.ActiveCfg = AppStore|iPhone
		{E09AFED1-EC5B-4ED5-A2FF-14372A0FACF0}.AppStore|iPhone.Build.0 = AppStore|iPhone
		{B19C892E-2628-4CA7-AD27-08D406A3B14B}.Debug|Any CPU.ActiveCfg = Debug|Any CPU
		{B19C892E-2628-4CA7-AD27-08D406A3B14B}.Debug|Any CPU.Build.0 = Debug|Any CPU
		{B19C892E-2628-4CA7-AD27-08D406A3B14B}.Release|Any CPU.ActiveCfg = Release|Any CPU
		{B19C892E-2628-4CA7-AD27-08D406A3B14B}.Release|Any CPU.Build.0 = Release|Any CPU
		{B19C892E-2628-4CA7-AD27-08D406A3B14B}.Debug|iPhoneSimulator.ActiveCfg = Debug|Any CPU
		{B19C892E-2628-4CA7-AD27-08D406A3B14B}.Debug|iPhoneSimulator.Build.0 = Debug|Any CPU
		{B19C892E-2628-4CA7-AD27-08D406A3B14B}.Release|iPhoneSimulator.ActiveCfg = Release|Any CPU
		{B19C892E-2628-4CA7-AD27-08D406A3B14B}.Release|iPhoneSimulator.Build.0 = Release|Any CPU
		{B19C892E-2628-4CA7-AD27-08D406A3B14B}.Debug|iPhone.ActiveCfg = Debug|Any CPU
		{B19C892E-2628-4CA7-AD27-08D406A3B14B}.Debug|iPhone.Build.0 = Debug|Any CPU
		{B19C892E-2628-4CA7-AD27-08D406A3B14B}.Release|iPhone.ActiveCfg = Release|Any CPU
		{B19C892E-2628-4CA7-AD27-08D406A3B14B}.Release|iPhone.Build.0 = Release|Any CPU
		{B19C892E-2628-4CA7-AD27-08D406A3B14B}.Ad-Hoc|iPhone.ActiveCfg = Debug|Any CPU
		{B19C892E-2628-4CA7-AD27-08D406A3B14B}.Ad-Hoc|iPhone.Build.0 = Debug|Any CPU
		{B19C892E-2628-4CA7-AD27-08D406A3B14B}.AppStore|iPhone.ActiveCfg = Debug|Any CPU
		{B19C892E-2628-4CA7-AD27-08D406A3B14B}.AppStore|iPhone.Build.0 = Debug|Any CPU
		{AE114935-C115-4471-8A22-2E5E0267799E}.Debug|Any CPU.ActiveCfg = Debug|Any CPU
		{AE114935-C115-4471-8A22-2E5E0267799E}.Debug|Any CPU.Build.0 = Debug|Any CPU
		{AE114935-C115-4471-8A22-2E5E0267799E}.Release|Any CPU.ActiveCfg = Release|Any CPU
		{AE114935-C115-4471-8A22-2E5E0267799E}.Release|Any CPU.Build.0 = Release|Any CPU
		{AE114935-C115-4471-8A22-2E5E0267799E}.Debug|iPhoneSimulator.ActiveCfg = Debug|Any CPU
		{AE114935-C115-4471-8A22-2E5E0267799E}.Debug|iPhoneSimulator.Build.0 = Debug|Any CPU
		{AE114935-C115-4471-8A22-2E5E0267799E}.Release|iPhoneSimulator.ActiveCfg = Release|Any CPU
		{AE114935-C115-4471-8A22-2E5E0267799E}.Release|iPhoneSimulator.Build.0 = Release|Any CPU
		{AE114935-C115-4471-8A22-2E5E0267799E}.Debug|iPhone.ActiveCfg = Debug|Any CPU
		{AE114935-C115-4471-8A22-2E5E0267799E}.Debug|iPhone.Build.0 = Debug|Any CPU
		{AE114935-C115-4471-8A22-2E5E0267799E}.Release|iPhone.ActiveCfg = Release|Any CPU
		{AE114935-C115-4471-8A22-2E5E0267799E}.Release|iPhone.Build.0 = Release|Any CPU
		{AE114935-C115-4471-8A22-2E5E0267799E}.Ad-Hoc|iPhone.ActiveCfg = Debug|Any CPU
		{AE114935-C115-4471-8A22-2E5E0267799E}.Ad-Hoc|iPhone.Build.0 = Debug|Any CPU
		{AE114935-C115-4471-8A22-2E5E0267799E}.AppStore|iPhone.ActiveCfg = Debug|Any CPU
		{AE114935-C115-4471-8A22-2E5E0267799E}.AppStore|iPhone.Build.0 = Debug|Any CPU
	EndGlobalSection
EndGlobal
